
Microsoft Visual Studio Solution File, Format Version 12.00
# Visual Studio Version 17
VisualStudioVersion = 17.9.34902.65
MinimumVisualStudioVersion = 10.0.40219.1
Project("{FAE04EC0-301F-11D3-BF4B-00C04F79EFBC}") = "TwoWindowsMVVM", "TwoWindowsMVVM\TwoWindowsMVVM.csproj", "{9FFB31EA-D66C-4E72-89EA-0020537A97C6}"
EndProject
Global
	GlobalSection(SolutionConfigurationPlatforms) = preSolution
		Debug|Any CPU = Debug|Any CPU
		Release|Any CPU = Release|Any CPU
	EndGlobalSection
	GlobalSection(ProjectConfigurationPlatforms) = postSolution
		{9FFB31EA-D66C-4E72-89EA-0020537A97C6}.Debug|Any CPU.ActiveCfg = Debug|Any CPU
		{9FFB31EA-D66C-4E72-89EA-0020537A97C6}.Debug|Any CPU.Build.0 = Debug|Any CPU
		{9FFB31EA-D66C-4E72-89EA-0020537A97C6}.Release|Any CPU.ActiveCfg = Release|Any CPU
		{9FFB31EA-D66C-4E72-89EA-0020537A97C6}.Release|Any CPU.Build.0 = Release|Any CPU
	EndGlobalSection
	GlobalSection(SolutionProperties) = preSolution
		HideSolutionNode = FALSE
	EndGlobalSection
	GlobalSection(ExtensibilityGlobals) = postSolution
		SolutionGuid = {94BFE2FB-1EDF-4FAA-9C09-AA96CEE0B1C1}
	EndGlobalSection
EndGlobal
